
Microsoft Visual Studio Solution File, Format Version 12.00
# Visual Studio 2013
VisualStudioVersion = 12.0.21005.1
MinimumVisualStudioVersion = 10.0.40219.1
Project("{8BC9CEB8-8B4A-11D0-8D11-00A0C91BC942}") = "cppcomponents_json_dll", "cppcomponents_json_dll\cppcomponents_json_dll.vcxproj", "{5B3F2B73-0A3E-4BCD-87EA-5C9B97FD77A3}"
EndProject
Project("{8BC9CEB8-8B4A-11D0-8D11-00A0C91BC942}") = "unit_test", "unit_test\unit_test.vcxproj", "{CF59691C-4B18-4027-9E76-45938A64C656}"
EndProject
Global
	GlobalSection(SolutionConfigurationPlatforms) = preSolution
		Debug|Win32 = Debug|Win32
		Release|Win32 = Release|Win32
	EndGlobalSection
	GlobalSection(ProjectConfigurationPlatforms) = postSolution
		{5B3F2B73-0A3E-4BCD-87EA-5C9B97FD77A3}.Debug|Win32.ActiveCfg = Debug|Win32
		{5B3F2B73-0A3E-4BCD-87EA-5C9B97FD77A3}.Debug|Win32.Build.0 = Debug|Win32
		{5B3F2B73-0A3E-4BCD-87EA-5C9B97FD77A3}.Release|Win32.ActiveCfg = Release|Win32
		{5B3F2B73-0A3E-4BCD-87EA-5C9B97FD77A3}.Release|Win32.Build.0 = Release|Win32
		{CF59691C-4B18-4027-9E76-45938A64C656}.Debug|Win32.ActiveCfg = Debug|Win32
		{CF59691C-4B18-4027-9E76-45938A64C656}.Debug|Win32.Build.0 = Debug|Win32
		{CF59691C-4B18-4027-9E76-45938A64C656}.Release|Win32.ActiveCfg = Release|Win32
		{CF59691C-4B18-4027-9E76-45938A64C656}.Release|Win32.Build.0 = Release|Win32
	EndGlobalSection
	GlobalSection(SolutionProperties) = preSolution
		HideSolutionNode = FALSE
	EndGlobalSection
EndGlobal
